<?xml version="1.0" encoding="utf-8"?>
<Project ToolsVersion="4.0" xmlns="http://schemas.microsoft.com/developer/msbuild/2003">
  <ItemGroup>
    <Filter Include="Source Files">
      <UniqueIdentifier>{4FC737F1-C7A5-4376-A066-2A32D752A2FF}</UniqueIdentifier>
      <Extensions>cpp;c;cc;cxx;c++;cppm;ixx;def;odl;idl;hpj;bat;asm;asmx</Extensions>
    </Filter>
    <Filter Include="Header Files">
      <UniqueIdentifier>{93995380-89BD-4b04-88EB-625FBE52EBFB}</UniqueIdentifier>
      <Extensions>h;hh;hpp;hxx;h++;hm;inl;inc;ipp;xsd</Extensions>
    </Filter>
    <Filter Include="Resource Files">
      <UniqueIdentifier>{67DA6AB6-F800-4c08-8B7A-83BB121AAD01}</UniqueIdentifier>
      <Extensions>rc;ico;cur;bmp;dlg;rc2;rct;bin;rgs;gif;jpg;jpeg;jpe;resx;tiff;tif;png;wav;mfcribbon-ms</Extensions>
    </Filter>
    <Filter Include="Header Files\Models">
      <UniqueIdentifier>{7cb7326d-308f-4a18-859a-ff5a417b08bd}</UniqueIdentifier>
    </Filter>
    <Filter Include="Header Files\Views">
      <UniqueIdentifier>{94b68d86-e091-4d73-ac91-fc33e497782b}</UniqueIdentifier>
    </Filter>
    <Filter Include="Header Files\Views\Windows">
      <UniqueIdentifier>{1ff194d6-b12f-4442-aabb-c71478105038}</UniqueIdentifier>
    </Filter>
    <Filter Include="Source Files\Models">
      <UniqueIdentifier>{067adee2-a088-4578-9597-09a7a7efc126}</UniqueIdentifier>
    </Filter>
    <Filter Include="Source Files\Views">
      <UniqueIdentifier>{d7f65900-7184-49ce-96fd-c70adff2efc3}</UniqueIdentifier>
    </Filter>
    <Filter Include="Source Files\Views\Windows">
      <UniqueIdentifier>{f509519a-4134-4ef5-b21b-6f486cf9250d}</UniqueIdentifier>
    </Filter>
    <Filter Include="Header Files\Controllers">
      <UniqueIdentifier>{a7effb72-dfb3-4dff-be44-a7e6912f4b94}</UniqueIdentifier>
    </Filter>
    <Filter Include="Source Files\Controllers">
      <UniqueIdentifier>{01e2d037-e728-4fc7-a4d5-e5816e6cc060}</UniqueIdentifier>
    </Filter>
    <Filter Include="Resource Files\cards_resources">
      <UniqueIdentifier>{5254a7c8-80aa-4a2c-a1eb-98e0f7a02a9d}</UniqueIdentifier>
    </Filter>
  </ItemGroup>
  <ItemGroup>
    <ClCompile Include="main.cpp">
      <Filter>Source Files</Filter>
    </ClCompile>
    <ClCompile Include="card.cpp">
      <Filter>Source Files\Models</Filter>
    </ClCompile>
    <ClCompile Include="deck.cpp">
      <Filter>Source Files\Models</Filter>
    </ClCompile>
    <ClCompile Include="player.cpp">
      <Filter>Source Files\Models</Filter>
    </ClCompile>
    <ClCompile Include="CmyWnd.cpp">
      <Filter>Source Files\Views\Windows</Filter>
    </ClCompile>
    <ClCompile Include="gameController.cpp">
      <Filter>Source Files\Controllers</Filter>
    </ClCompile>
    <ClCompile Include="cardController.cpp">
      <Filter>Source Files\Controllers</Filter>
    </ClCompile>
    <ClCompile Include="cardView.cpp">
      <Filter>Source Files\Views</Filter>
    </ClCompile>
    <ClCompile Include="customButton.cpp">
      <Filter>Source Files\Controllers</Filter>
    </ClCompile>
  </ItemGroup>
  <ItemGroup>
    <ClInclude Include="pch.h">
      <Filter>Header Files</Filter>
    </ClInclude>
    <ClInclude Include="framework.h">
      <Filter>Header Files</Filter>
    </ClInclude>
    <ClInclude Include="Resource.h">
      <Filter>Header Files</Filter>
    </ClInclude>
    <ClInclude Include="targetver.h">
      <Filter>Header Files</Filter>
    </ClInclude>
    <ClInclude Include="card.h">
      <Filter>Header Files\Models</Filter>
    </ClInclude>
    <ClInclude Include="deck.h">
      <Filter>Header Files\Models</Filter>
    </ClInclude>
    <ClInclude Include="player.h">
      <Filter>Header Files\Models</Filter>
    </ClInclude>
    <ClInclude Include="CmyWnd.h">
      <Filter>Header Files\Views\Windows</Filter>
    </ClInclude>
    <ClInclude Include="gameController.h">
      <Filter>Header Files\Controllers</Filter>
    </ClInclude>
    <ClInclude Include="cardController.h">
      <Filter>Header Files\Controllers</Filter>
    </ClInclude>
    <ClInclude Include="cardView.h">
      <Filter>Header Files\Views</Filter>
    </ClInclude>
    <ClInclude Include="customButton.h">
      <Filter>Header Files\Controllers</Filter>
    </ClInclude>
  </ItemGroup>
  <ItemGroup>
    <ResourceCompile Include="Truco.rc">
      <Filter>Resource Files</Filter>
    </ResourceCompile>
  </ItemGroup>
  <ItemGroup>
    <Image Include="res\MFCApplication4.ico">
      <Filter>Resource Files</Filter>
    </Image>
    <Image Include="res\MFCApplication4Doc.ico">
      <Filter>Resource Files</Filter>
    </Image>
    <Image Include="cards_resources\background.bmp">
      <Filter>Resource Files\cards_resources</Filter>
    </Image>
    <Image Include="cards_resources\bitmap1.bmp">
      <Filter>Resource Files</Filter>
    </Image>
    <Image Include="cards_resources\background_h.bmp">
      <Filter>Resource Files\cards_resources</Filter>
    </Image>
  </ItemGroup>
</Project>